<?xml version="1.0" encoding="utf-8"?>
<Project ToolsVersion="4.0" xmlns="http://schemas.microsoft.com/developer/msbuild/2003">
  <ItemGroup>
    <Filter Include="jpeg">
      <UniqueIdentifier>{1a47961f-0528-4848-94f7-0c0bc5541bbf}</UniqueIdentifier>
    </Filter>
    <Filter Include="DXTCompressor">
      <UniqueIdentifier>{a3e487f9-312a-4683-8846-575590d20ba3}</UniqueIdentifier>
    </Filter>
    <Filter Include="SQLite">
      <UniqueIdentifier>{1b366568-a9d5-41bd-a291-8fba4c40d727}</UniqueIdentifier>
    </Filter>
  </ItemGroup>
  <ItemGroup>
    <ClInclude Include="..\..\..\jpeg-9f\cderror.h">
      <Filter>jpeg</Filter>
    </ClInclude>
    <ClInclude Include="..\..\..\jpeg-9f\cdjpeg.h">
      <Filter>jpeg</Filter>
    </ClInclude>
    <ClInclude Include="..\..\..\jpeg-9f\jconfig.h">
      <Filter>jpeg</Filter>
    </ClInclude>
    <ClInclude Include="..\..\..\jpeg-9f\jdct.h">
      <Filter>jpeg</Filter>
    </ClInclude>
    <ClInclude Include="..\..\..\jpeg-9f\jerror.h">
      <Filter>jpeg</Filter>
    </ClInclude>
    <ClInclude Include="..\..\..\jpeg-9f\jinclude.h">
      <Filter>jpeg</Filter>
    </ClInclude>
    <ClInclude Include="..\..\..\jpeg-9f\jmemsys.h">
      <Filter>jpeg</Filter>
    </ClInclude>
    <ClInclude Include="..\..\..\jpeg-9f\jmorecfg.h">
      <Filter>jpeg</Filter>
    </ClInclude>
    <ClInclude Include="..\..\..\jpeg-9f\jpegint.h">
      <Filter>jpeg</Filter>
    </ClInclude>
    <ClInclude Include="..\..\..\jpeg-9f\jpeglib.h">
      <Filter>jpeg</Filter>
    </ClInclude>
    <ClInclude Include="..\..\..\jpeg-9f\jversion.h">
      <Filter>jpeg</Filter>
    </ClInclude>
    <ClInclude Include="..\..\..\jpeg-9f\transupp.h">
      <Filter>jpeg</Filter>
    </ClInclude>
    <ClInclude Include="..\..\..\DXTCompressor\Src\DDSHeader.h">
      <Filter>DXTCompressor</Filter>
    </ClInclude>
    <ClInclude Include="..\..\..\DXTCompressor\Src\DXTCompressor.h">
      <Filter>DXTCompressor</Filter>
    </ClInclude>
    <ClInclude Include="..\..\..\DXTCompressor\Src\FrameBufferRenderBuffer.hpp">
      <Filter>DXTCompressor</Filter>
    </ClInclude>
    <ClInclude Include="..\..\..\DXTCompressor\Src\OpenGLWindow.hpp">
      <Filter>DXTCompressor</Filter>
    </ClInclude>
    <ClInclude Include="..\..\..\DXTCompressor\Src\ShaderSource.h">
      <Filter>DXTCompressor</Filter>
    </ClInclude>
    <ClInclude Include="..\..\sqlite3.h">
      <Filter>SQLite</Filter>
    </ClInclude>
    <ClInclude Include="..\..\sqlite3ext.h">
      <Filter>SQLite</Filter>
    </ClInclude>
    <ClInclude Include="jpeg_memory_dest.h" />
    <ClInclude Include="..\..\SQLite3PluginCommon.h" />
    <ClInclude Include="..\..\SQLite3ServerPlugin.h" />
    <ClInclude Include="..\SQLiteLoggerCommon.h" />
    <ClInclude Include="SQLiteServerLoggerPlugin.h" />
  </ItemGroup>
  <ItemGroup>
    <ClCompile Include="..\..\..\jpeg-9f\cdjpeg.c">
      <Filter>jpeg</Filter>
    </ClCompile>
    <ClCompile Include="..\..\..\jpeg-9f\jaricom.c">
      <Filter>jpeg</Filter>
    </ClCompile>
    <ClCompile Include="..\..\..\jpeg-9f\jcapimin.c">
      <Filter>jpeg</Filter>
    </ClCompile>
    <ClCompile Include="..\..\..\jpeg-9f\jcapistd.c">
      <Filter>jpeg</Filter>
    </ClCompile>
    <ClCompile Include="..\..\..\jpeg-9f\jcarith.c">
      <Filter>jpeg</Filter>
    </ClCompile>
    <ClCompile Include="..\..\..\jpeg-9f\jccoefct.c">
      <Filter>jpeg</Filter>
    </ClCompile>
    <ClCompile Include="..\..\..\jpeg-9f\jccolor.c">
      <Filter>jpeg</Filter>
    </ClCompile>
    <ClCompile Include="..\..\..\jpeg-9f\jcdctmgr.c">
      <Filter>jpeg</Filter>
    </ClCompile>
    <ClCompile Include="..\..\..\jpeg-9f\jchuff.c">
      <Filter>jpeg</Filter>
    </ClCompile>
    <ClCompile Include="..\..\..\jpeg-9f\jcinit.c">
      <Filter>jpeg</Filter>
    </ClCompile>
    <ClCompile Include="..\..\..\jpeg-9f\jcmainct.c">
      <Filter>jpeg</Filter>
    </ClCompile>
    <ClCompile Include="..\..\..\jpeg-9f\jcmarker.c">
      <Filter>jpeg</Filter>
    </ClCompile>
    <ClCompile Include="..\..\..\jpeg-9f\jcmaster.c">
      <Filter>jpeg</Filter>
    </ClCompile>
    <ClCompile Include="..\..\..\jpeg-9f\jcomapi.c">
      <Filter>jpeg</Filter>
    </ClCompile>
    <ClCompile Include="..\..\..\jpeg-9f\jcparam.c">
      <Filter>jpeg</Filter>
    </ClCompile>
    <ClCompile Include="..\..\..\jpeg-9f\jcprepct.c">
      <Filter>jpeg</Filter>
    </ClCompile>
    <ClCompile Include="..\..\..\jpeg-9f\jcsample.c">
      <Filter>jpeg</Filter>
    </ClCompile>
    <ClCompile Include="..\..\..\jpeg-9f\jctrans.c">
      <Filter>jpeg</Filter>
    </ClCompile>
    <ClCompile Include="..\..\..\jpeg-9f\jdapimin.c">
      <Filter>jpeg</Filter>
    </ClCompile>
    <ClCompile Include="..\..\..\jpeg-9f\jdapistd.c">
      <Filter>jpeg</Filter>
    </ClCompile>
    <ClCompile Include="..\..\..\jpeg-9f\jdarith.c">
      <Filter>jpeg</Filter>
    </ClCompile>
    <ClCompile Include="..\..\..\jpeg-9f\jdatadst.c">
      <Filter>jpeg</Filter>
    </ClCompile>
    <ClCompile Include="..\..\..\jpeg-9f\jdatasrc.c">
      <Filter>jpeg</Filter>
    </ClCompile>
    <ClCompile Include="..\..\..\jpeg-9f\jdcoefct.c">
      <Filter>jpeg</Filter>
    </ClCompile>
    <ClCompile Include="..\..\..\jpeg-9f\jdcolor.c">
      <Filter>jpeg</Filter>
    </ClCompile>
    <ClCompile Include="..\..\..\jpeg-9f\jddctmgr.c">
      <Filter>jpeg</Filter>
    </ClCompile>
    <ClCompile Include="..\..\..\jpeg-9f\jdhuff.c">
      <Filter>jpeg</Filter>
    </ClCompile>
    <ClCompile Include="..\..\..\jpeg-9f\jdinput.c">
      <Filter>jpeg</Filter>
    </ClCompile>
    <ClCompile Include="..\..\..\jpeg-9f\jdmainct.c">
      <Filter>jpeg</Filter>
    </ClCompile>
    <ClCompile Include="..\..\..\jpeg-9f\jdmarker.c">
      <Filter>jpeg</Filter>
    </ClCompile>
    <ClCompile Include="..\..\..\jpeg-9f\jdmaster.c">
      <Filter>jpeg</Filter>
    </ClCompile>
    <ClCompile Include="..\..\..\jpeg-9f\jdmerge.c">
      <Filter>jpeg</Filter>
    </ClCompile>
    <ClCompile Include="..\..\..\jpeg-9f\jdpostct.c">
      <Filter>jpeg</Filter>
    </ClCompile>
    <ClCompile Include="..\..\..\jpeg-9f\jdsample.c">
      <Filter>jpeg</Filter>
    </ClCompile>
    <ClCompile Include="..\..\..\jpeg-9f\jdtrans.c">
      <Filter>jpeg</Filter>
    </ClCompile>
    <ClCompile Include="..\..\..\jpeg-9f\jerror.c">
      <Filter>jpeg</Filter>
    </ClCompile>
    <ClCompile Include="..\..\..\jpeg-9f\jfdctflt.c">
      <Filter>jpeg</Filter>
    </ClCompile>
    <ClCompile Include="..\..\..\jpeg-9f\jfdctfst.c">
      <Filter>jpeg</Filter>
    </ClCompile>
    <ClCompile Include="..\..\..\jpeg-9f\jfdctint.c">
      <Filter>jpeg</Filter>
    </ClCompile>
    <ClCompile Include="..\..\..\jpeg-9f\jidctflt.c">
      <Filter>jpeg</Filter>
    </ClCompile>
    <ClCompile Include="..\..\..\jpeg-9f\jidctfst.c">
      <Filter>jpeg</Filter>
    </ClCompile>
    <ClCompile Include="..\..\..\jpeg-9f\jidctint.c">
      <Filter>jpeg</Filter>
    </ClCompile>
    <ClCompile Include="..\..\..\jpeg-9f\jmemansi.c">
      <Filter>jpeg</Filter>
    </ClCompile>
    <ClCompile Include="..\..\..\jpeg-9f\jmemmgr.c">
      <Filter>jpeg</Filter>
    </ClCompile>
    <ClCompile Include="..\..\..\jpeg-9f\jquant1.c">
      <Filter>jpeg</Filter>
    </ClCompile>
    <ClCompile Include="..\..\..\jpeg-9f\jquant2.c">
      <Filter>jpeg</Filter>
    </ClCompile>
    <ClCompile Include="..\..\..\jpeg-9f\jutils.c">
      <Filter>jpeg</Filter>
    </ClCompile>
    <ClCompile Include="..\..\..\jpeg-9f\memsrc.c">
      <Filter>jpeg</Filter>
    </ClCompile>
    <ClCompile Include="..\..\..\jpeg-9f\rdbmp.c">
      <Filter>jpeg</Filter>
    </ClCompile>
    <ClCompile Include="..\..\..\jpeg-9f\rdcolmap.c">
      <Filter>jpeg</Filter>
    </ClCompile>
    <ClCompile Include="..\..\..\jpeg-9f\rdgif.c">
      <Filter>jpeg</Filter>
    </ClCompile>
    <ClCompile Include="..\..\..\jpeg-9f\rdppm.c">
      <Filter>jpeg</Filter>
    </ClCompile>
    <ClCompile Include="..\..\..\jpeg-9f\rdrle.c">
      <Filter>jpeg</Filter>
    </ClCompile>
    <ClCompile Include="..\..\..\jpeg-9f\rdswitch.c">
      <Filter>jpeg</Filter>
    </ClCompile>
    <ClCompile Include="..\..\..\jpeg-9f\rdtarga.c">
      <Filter>jpeg</Filter>
    </ClCompile>
    <ClCompile Include="..\..\..\jpeg-9f\transupp.c">
      <Filter>jpeg</Filter>
    </ClCompile>
    <ClCompile Include="..\..\..\jpeg-9f\wrbmp.c">
      <Filter>jpeg</Filter>
    </ClCompile>
    <ClCompile Include="..\..\..\jpeg-9f\wrgif.c">
      <Filter>jpeg</Filter>
    </ClCompile>
    <ClCompile Include="..\..\..\jpeg-9f\wrppm.c">
      <Filter>jpeg</Filter>
    </ClCompile>
    <ClCompile Include="..\..\..\jpeg-9f\wrrle.c">
      <Filter>jpeg</Filter>
    </ClCompile>
    <ClCompile Include="..\..\..\jpeg-9f\wrtarga.c">
      <Filter>jpeg</Filter>
    </ClCompile>
    <ClCompile Include="..\..\..\DXTCompressor\Src\DXTCompressor.cpp">
      <Filter>DXTCompressor</Filter>
    </ClCompile>
    <ClCompile Include="..\..\sqlite3.c">
      <Filter>SQLite</Filter>
    </ClCompile>
    <ClCompile Include="jpeg_memory_dest.cpp" />
    <ClCompile Include="..\..\SQLite3PluginCommon.cpp" />
    <ClCompile Include="..\..\SQLite3ServerPlugin.cpp" />
    <ClCompile Include="..\SQLiteLoggerCommon.cpp" />
    <ClCompile Include="SQLiteServerLoggerPlugin.cpp" />
    <ClCompile Include="SQLiteServerLoggerSample.cpp" />
  </ItemGroup>
</Project>